
Microsoft Visual Studio Solution File, Format Version 12.00
# Visual Studio Version 17
VisualStudioVersion = 17.9.34622.214
MinimumVisualStudioVersion = 10.0.40219.1
Project("{8BC9CEB8-8B4A-11D0-8D11-00A0C91BC942}") = "4.4 OOP", "4.4 OOP\4.4 OOP.vcxproj", "{7B301ED7-882D-45C5-80CD-D99BF66D4467}"
EndProject
Global
	GlobalSection(SolutionConfigurationPlatforms) = preSolution
		Debug|x64 = Debug|x64
		Debug|x86 = Debug|x86
		Release|x64 = Release|x64
		Release|x86 = Release|x86
	EndGlobalSection
	GlobalSection(ProjectConfigurationPlatforms) = postSolution
		{7B301ED7-882D-45C5-80CD-D99BF66D4467}.Debug|x64.ActiveCfg = Debug|x64
		{7B301ED7-882D-45C5-80CD-D99BF66D4467}.Debug|x64.Build.0 = Debug|x64
		{7B301ED7-882D-45C5-80CD-D99BF66D4467}.Debug|x86.ActiveCfg = Debug|Win32
		{7B301ED7-882D-45C5-80CD-D99BF66D4467}.Debug|x86.Build.0 = Debug|Win32
		{7B301ED7-882D-45C5-80CD-D99BF66D4467}.Release|x64.ActiveCfg = Release|x64
		{7B301ED7-882D-45C5-80CD-D99BF66D4467}.Release|x64.Build.0 = Release|x64
		{7B301ED7-882D-45C5-80CD-D99BF66D4467}.Release|x86.ActiveCfg = Release|Win32
		{7B301ED7-882D-45C5-80CD-D99BF66D4467}.Release|x86.Build.0 = Release|Win32
	EndGlobalSection
	GlobalSection(SolutionProperties) = preSolution
		HideSolutionNode = FALSE
	EndGlobalSection
	GlobalSection(ExtensibilityGlobals) = postSolution
		SolutionGuid = {BBA75F1D-74B9-4E2A-A0C4-957A6C56F2EE}
	EndGlobalSection
EndGlobal
